
Microsoft Visual Studio Solution File, Format Version 12.00
# Visual Studio Version 17
VisualStudioVersion = 17.1.32210.238
MinimumVisualStudioVersion = 10.0.40219.1
Project("{2150E333-8FDC-42A3-9474-1A3956D46DE8}") = "Web", "Web", "{B2EA430E-C91D-4B38-A8CC-95366F04A1AD}"
EndProject
Project("{9A19103F-16F7-4668-BE54-9A1E7A4F7556}") = "MyForum.Web.API", "Web\MyForum.Web.API\MyForum.Web.API.csproj", "{5C8AF348-1720-45BA-8445-6734AAB10E2A}"
EndProject
Project("{FAE04EC0-301F-11D3-BF4B-00C04F79EFBC}") = "MyForum.Web.Infrastructure", "MyForum.Web.Infrastructure\MyForum.Web.Infrastructure.csproj", "{0D0E0020-810E-4E42-877A-E04FB80B0753}"
EndProject
Global
	GlobalSection(SolutionConfigurationPlatforms) = preSolution
		Debug|Any CPU = Debug|Any CPU
		Release|Any CPU = Release|Any CPU
	EndGlobalSection
	GlobalSection(ProjectConfigurationPlatforms) = postSolution
		{5C8AF348-1720-45BA-8445-6734AAB10E2A}.Debug|Any CPU.ActiveCfg = Debug|Any CPU
		{5C8AF348-1720-45BA-8445-6734AAB10E2A}.Debug|Any CPU.Build.0 = Debug|Any CPU
		{5C8AF348-1720-45BA-8445-6734AAB10E2A}.Release|Any CPU.ActiveCfg = Release|Any CPU
		{5C8AF348-1720-45BA-8445-6734AAB10E2A}.Release|Any CPU.Build.0 = Release|Any CPU
		{0D0E0020-810E-4E42-877A-E04FB80B0753}.Debug|Any CPU.ActiveCfg = Debug|Any CPU
		{0D0E0020-810E-4E42-877A-E04FB80B0753}.Debug|Any CPU.Build.0 = Debug|Any CPU
		{0D0E0020-810E-4E42-877A-E04FB80B0753}.Release|Any CPU.ActiveCfg = Release|Any CPU
		{0D0E0020-810E-4E42-877A-E04FB80B0753}.Release|Any CPU.Build.0 = Release|Any CPU
	EndGlobalSection
	GlobalSection(SolutionProperties) = preSolution
		HideSolutionNode = FALSE
	EndGlobalSection
	GlobalSection(NestedProjects) = preSolution
		{5C8AF348-1720-45BA-8445-6734AAB10E2A} = {B2EA430E-C91D-4B38-A8CC-95366F04A1AD}
		{0D0E0020-810E-4E42-877A-E04FB80B0753} = {B2EA430E-C91D-4B38-A8CC-95366F04A1AD}
	EndGlobalSection
	GlobalSection(ExtensibilityGlobals) = postSolution
		SolutionGuid = {93A21EAC-04F9-4A9C-9A3F-68D01B11038C}
	EndGlobalSection
EndGlobal
